
Microsoft Visual Studio Solution File, Format Version 12.00
# Visual Studio Version 17
VisualStudioVersion = 17.2.32616.157
MinimumVisualStudioVersion = 10.0.40219.1
Project("{FAE04EC0-301F-11D3-BF4B-00C04F79EFBC}") = "PatternsLearning", "PatternsLearning\PatternsLearning.csproj", "{ADE5A6C5-7956-448B-9111-37585F4EAE8C}"
EndProject
Global
	GlobalSection(SolutionConfigurationPlatforms) = preSolution
		Debug|Any CPU = Debug|Any CPU
		Release|Any CPU = Release|Any CPU
	EndGlobalSection
	GlobalSection(ProjectConfigurationPlatforms) = postSolution
		{ADE5A6C5-7956-448B-9111-37585F4EAE8C}.Debug|Any CPU.ActiveCfg = Debug|Any CPU
		{ADE5A6C5-7956-448B-9111-37585F4EAE8C}.Debug|Any CPU.Build.0 = Debug|Any CPU
		{ADE5A6C5-7956-448B-9111-37585F4EAE8C}.Release|Any CPU.ActiveCfg = Release|Any CPU
		{ADE5A6C5-7956-448B-9111-37585F4EAE8C}.Release|Any CPU.Build.0 = Release|Any CPU
	EndGlobalSection
	GlobalSection(SolutionProperties) = preSolution
		HideSolutionNode = FALSE
	EndGlobalSection
	GlobalSection(ExtensibilityGlobals) = postSolution
		SolutionGuid = {CC07F225-70F0-4840-8100-1C34FA478B82}
	EndGlobalSection
EndGlobal
